
Microsoft Visual Studio Solution File, Format Version 12.00
Project("{2150E333-8FDC-42A3-9474-1A3956D46DE8}") = "Doc", "Doc", "{E77B502A-1EA9-4DF6-B45C-4BCD60A63F7D}"
EndProject
Project("{2150E333-8FDC-42A3-9474-1A3956D46DE8}") = "Src", "Src", "{C14D3F08-9AA6-4D6F-98CE-2DB2521395EC}"
EndProject
Project("{2150E333-8FDC-42A3-9474-1A3956D46DE8}") = "Test", "Test", "{8ACB128E-8FE9-4E6A-B141-A1407482239E}"
EndProject
Project("{2150E333-8FDC-42A3-9474-1A3956D46DE8}") = "Core", "Core", "{2A438933-3C03-4C83-8DB7-82BCB1158A2A}"
EndProject
Project("{2150E333-8FDC-42A3-9474-1A3956D46DE8}") = "Infrastructure", "Infrastructure", "{1180CE5B-0FE9-409C-A04A-651F899C66E6}"
EndProject
Project("{2150E333-8FDC-42A3-9474-1A3956D46DE8}") = "Common", "Common", "{C5F3624F-CFB6-4A9F-B261-4730182752C4}"
EndProject
Project("{2150E333-8FDC-42A3-9474-1A3956D46DE8}") = "Presentation", "Presentation", "{599A6D40-A136-4A39-87AD-8890EAF84870}"
EndProject
Global
	GlobalSection(SolutionConfigurationPlatforms) = preSolution
		Debug|Any CPU = Debug|Any CPU
		Release|Any CPU = Release|Any CPU
	EndGlobalSection
	GlobalSection(NestedProjects) = preSolution
		{2A438933-3C03-4C83-8DB7-82BCB1158A2A} = {C14D3F08-9AA6-4D6F-98CE-2DB2521395EC}
		{1180CE5B-0FE9-409C-A04A-651F899C66E6} = {C14D3F08-9AA6-4D6F-98CE-2DB2521395EC}
		{C5F3624F-CFB6-4A9F-B261-4730182752C4} = {C14D3F08-9AA6-4D6F-98CE-2DB2521395EC}
		{599A6D40-A136-4A39-87AD-8890EAF84870} = {C14D3F08-9AA6-4D6F-98CE-2DB2521395EC}
	EndGlobalSection
EndGlobal
